
Microsoft Visual Studio Solution File, Format Version 12.00
# Visual Studio 2012
Project("{FAE04EC0-301F-11D3-BF4B-00C04F79EFBC}") = "SerialPortGUI", "SerialPortGUI\SerialPortGUI.csproj", "{EC79EE8F-1D44-499A-8295-8AE05E342FFC}"
EndProject
Global
	GlobalSection(SolutionConfigurationPlatforms) = preSolution
		Debug|Any CPU = Debug|Any CPU
		Release|Any CPU = Release|Any CPU
	EndGlobalSection
	GlobalSection(ProjectConfigurationPlatforms) = postSolution
		{EC79EE8F-1D44-499A-8295-8AE05E342FFC}.Debug|Any CPU.ActiveCfg = Debug|Any CPU
		{EC79EE8F-1D44-499A-8295-8AE05E342FFC}.Debug|Any CPU.Build.0 = Debug|Any CPU
		{EC79EE8F-1D44-499A-8295-8AE05E342FFC}.Release|Any CPU.ActiveCfg = Release|Any CPU
		{EC79EE8F-1D44-499A-8295-8AE05E342FFC}.Release|Any CPU.Build.0 = Release|Any CPU
	EndGlobalSection
	GlobalSection(SolutionProperties) = preSolution
		HideSolutionNode = FALSE
	EndGlobalSection
EndGlobal
